
Microsoft Visual Studio Solution File, Format Version 12.00
# Visual Studio 15
VisualStudioVersion = 15.0.27703.2026
MinimumVisualStudioVersion = 10.0.40219.1
Project("{FAE04EC0-301F-11D3-BF4B-00C04F79EFBC}") = "Pleasing", "Pleasing\Pleasing.csproj", "{12993888-A839-4FC2-AC20-4D7B6235302F}"
EndProject
Global
	GlobalSection(SolutionConfigurationPlatforms) = preSolution
		Debug|Any CPU = Debug|Any CPU
		Release|Any CPU = Release|Any CPU
	EndGlobalSection
	GlobalSection(ProjectConfigurationPlatforms) = postSolution
		{12993888-A839-4FC2-AC20-4D7B6235302F}.Debug|Any CPU.ActiveCfg = Debug|Any CPU
		{12993888-A839-4FC2-AC20-4D7B6235302F}.Debug|Any CPU.Build.0 = Debug|Any CPU
		{12993888-A839-4FC2-AC20-4D7B6235302F}.Release|Any CPU.ActiveCfg = Release|Any CPU
		{12993888-A839-4FC2-AC20-4D7B6235302F}.Release|Any CPU.Build.0 = Release|Any CPU
	EndGlobalSection
	GlobalSection(SolutionProperties) = preSolution
		HideSolutionNode = FALSE
	EndGlobalSection
	GlobalSection(ExtensibilityGlobals) = postSolution
		SolutionGuid = {E6321302-DF0B-4C42-A07C-B00E2BA6D2E6}
	EndGlobalSection
EndGlobal
